github.com/aaronland/go-http-sanitize v0.0.6 h1:tlyIm16zOFrn+PfJlBCmTgFV9URwCho2/YlB9iAj8Eg=
github.com/aaronland/go-http-sanitize v0.0.6/go.mod h1:qUi4rzUPcpMntpUFnHK00yQI5vd/Q7x9MFYwX91/ygI=
github.com/aaronland/go-http-server v1.0.0 h1:AF+4JLEyXNj7Mulpcx8yaek1RWGojWOQMg5vinEDDVs=
github.com/aaronland/go-http-server v1.0.0/go.mod h1:gJ2TDOB9EhK8IULIf3UqVYcv1TaEa5N2er9YaBvD2M0=
github.com/aaronland/go-json-query v0.1.3 h1:wBqGF4d+Qy1+/YFqiFEKL7ja4iaaZi9E/CWaO3s7G4U=
github.com/aaronland/go-json-query v0.1.3/go.mod h1:+T7tN35K0RtLt92MlNM+N2sr6pxsQMJc6Fd4PsKaVtw=
github.com/aaronland/go-pagination v0.2.0 h1:ZZ8mNu5oEK5wanAjbYAaE3w5eyQKzFOWu/gsloW1vdw=
github.com/aaronland/go-pagination v0.2.0/go.mod h1:zrYVkUTBoe6yJ23l6OyTyfSpTyg6s/cNxZxNztXNQpQ=
github.com/aaronland/go-pagination-sql v0.2.0 h1:WVesObJVvwawIgkl6Twot9DXia09qiZQJQ/7ik64kSU=
github.com/aaronland/go-pagination-sql v0.2.0/go.mod h1:Thovmz045/sxI0actKFyGLzIKmlCK4R9Qi4gS742PbY=
github.com/aaronland/go-roster v1.0.0 h1:FRDGrTqsYySKjWnAhbBGXyeGlI/o5/t9FZYCbUmyQtI=
github.com/aaronland/go-roster v1.0.0/go.mod h1:KIsYZgrJlAsyb9LsXSCvlqvbcCBVjCSqcQiZx42i9ro=
github.com/aaronland/go-sqlite-modernc v0.0.1 h1:XvHhXFN+t7dkbddg8Qeuo5Vewme8O56vtdGhp2APNSI=
github.com/aaronland/go-sqlite-modernc v0.0.1/go.mod h1:nOY4U91arOGKkgc2KFn0VBsKQPy7Si4d/H0P6zuiALk=
github.com/aaronland/go-sqlite/v2 v2.2.0 h1:Efase4L+f5LgWYEHiA/dUwEuNzJgJdjOVElHMvGEZRw=
github.com/aaronland/go-sqlite/v2 v2.2.0/go.mod h1:CI0V49+b2LZvf27tSFPJ9jw6F594gHxrtVt+OdMT3TU=
github.com/akrylysov/algnhsa v0.12.1 h1:A9Ojt4hZrL77mhBc3qGO3Sn9reyf+tvM3DmR0SfXguc=
github.com/akrylysov/algnhsa v0.12.1/go.mod h1:xAcJ/X8DV+81e+dUjIoB/r5CbISrSXV9//leoMDHcdk=
github.com/aws/aws-lambda-go v1.9.0/go.mod h1:zUsUQhAUjYzR8AuduJPCfhBuKWUaDbQiPOG+ouzmE1A=
github.com/aws/aws-lambda-go v1.35.0 h1:iocVDy5Cw5SCRrKOPHwarkdFwwy48OkfmHoE6SJ3ATg=
github.com/aws/aws-lambda-go v1.35.0/go.mod h1:jwFe2KmMsHmffA1X2R09hH6lFzJQxzI8qK17ewzbQMM=
github.com/davecgh/go-spew v1.1.0/go.mod h1:J7Y8YcW2NihsgmVo/mv3lAwl/skON4iLHjSsI+c5H38=
github.com/davecgh/go-spew v1.1.1 h1:vj9j/u1bqnvCEfJOwUhtlOARqs3+rkHYY13jYWTU97c=
github.com/dustin/go-humanize v1.0.0 h1:VSnTsYCnlFHaM2/igO1h6X3HA71jcobQuxemgkq4zYo=
github.com/g8rswimmer/error-chain v1.0.0 h1:WnwnunlvqtGPHVHmBfbmUyAgrtag8Y6nNpwLWmtSYOQ=
github.com/g8rswimmer/error-chain v1.0.0/go.mod h1:XPJ/brUsL7yzc5VRlIxtf9GvoUqnOKVI9fg2MB5DWx8=
github.com/gogo/protobuf v1.3.2/go.mod h1:P1XiOD3dCwIKUDQYPy72D8LYyHL2YPYrpS2s69NZV8Q=
github.com/golang/protobuf v1.5.0/go.mod h1:FsONVRAS9T7sI+LIUmWTfcYkHO4aIWwzhcaSAoJOfIk=
github.com/google/go-cmp v0.5.5/go.mod h1:v8dTdLbMG2kIc/vJvl+f65V22dbkXbowE6jgT/gNBxE=
github.com/google/go-cmp v0.5.9 h1:O2Tfq5qg4qc4AmwVlvv0oLiVAGB7enBSJ2x2DqQFi38=
github.com/google/pprof v0.0.0-20221118152302-e6195bd50e26 h1:Xim43kblpZXfIBQsbuBVKCudVG457BR2GZFIz3uw3hQ=
github.com/google/uuid v1.3.0 h1:t6JiXgmwXMjEs8VusXIJk2BXHsn+wx8BZdTaoZ5fu7I=
github.com/google/uuid v1.3.0/go.mod h1:TIyPZe4MgqvfeYDBFedMoGGpEw/LqOeaOT+nhxU+yHo=
github.com/hashicorp/errwrap v0.0.0-20141028054710-7554cd9344ce/go.mod h1:YH+1FKiLXxHSkmPseP+kNlulaMuP3n2brvKWEqk/Jc4=
github.com/hashicorp/errwrap v1.0.0 h1:hLrqtEDnRye3+sgx6z4qVLNuviH3MR5aQ0ykNJa/UYA=
github.com/hashicorp/errwrap v1.0.0/go.mod h1:YH+1FKiLXxHSkmPseP+kNlulaMuP3n2brvKWEqk/Jc4=
github.com/hashicorp/go-multierror v0.0.0-20171204182908-b7773ae21874/go.mod h1:JMRHfdO9jKNzS/+BTlxCjKNQHg/jZAft8U7LloJvN7I=
github.com/hashicorp/go-multierror v1.1.1 h1:H5DkEtf6CXdFp0N0Em5UCwQpXMWke8IA0+lD48awMYo=
github.com/hashicorp/go-multierror v1.1.1/go.mod h1:iw975J/qwKPdAO1clOe2L8331t/9/fmwbPZ6JB6eMoM=
github.com/jtacoma/uritemplates v1.0.0 h1:xwx5sBF7pPAb0Uj8lDC1Q/aBPpOFyQza7OC705ZlLCo=
github.com/jtacoma/uritemplates v1.0.0/go.mod h1:IhIICdE9OcvgUnGwTtJxgBQ+VrTrti5PcbLVSJianO8=
github.com/kballard/go-shellquote v0.0.0-20180428030007-95032a82bc51 h1:Z9n2FFNUXsshfwJMBgNA0RU6/i7WVaAegv3PtuIHPMs=
github.com/kballard/go-shellquote v0.0.0-20180428030007-95032a82bc51/go.mod h1:CzGEWj7cYgsdH8dAjBGEr58BoE7ScuLd+fwFZ44+/x8=
github.com/kisielk/errcheck v1.5.0/go.mod h1:pFxgyoBC7bSaBwPgfKdkLd5X25qrDl4LWUI2bnpBCr8=
github.com/kisielk/gotool v1.0.0/go.mod h1:XhKaO+MFFWcvkIS/tQcRk01m1F5IRFswLeQ+oQHNcck=
github.com/mattn/go-isatty v0.0.16 h1:bq3VjFmv/sOjHtdEhmkEV4x1AJtvUvOJ2PFAZ5+peKQ=
github.com/mattn/go-isatty v0.0.16/go.mod h1:kYGgaQfpe5nmfYZH+SKPsOc2e4SrIfOl2e/yFXSvRLM=
github.com/mattn/go-sqlite3 v1.14.15 h1:vfoHhTN1af61xCRSWzFIWzx2YskyMTwHLrExkBOjvxI=
github.com/natefinch/atomic v1.0.1 h1:ZPYKxkqQOx3KZ+RsbnP/YsgvxWQPGxjC0oBt2AhwV0A=
github.com/natefinch/atomic v1.0.1/go.mod h1:N/D/ELrljoqDyT3rZrsUmtsuzvHkeB/wWjHV22AZRbM=
github.com/patrickmn/go-cache v2.1.0+incompatible h1:HRMgzkcYKYpi3C8ajMPV8OFXaaRUnok+kx1WdO15EQc=
github.com/patrickmn/go-cache v2.1.0+incompatible/go.mod h1:3Qf8kWWT7OJRJbdiICTKqZju1ZixQ/KpMGzzAfe6+WQ=
github.com/paulmach/go.geojson v1.4.0 h1:5x5moCkCtDo5x8af62P9IOAYGQcYHtxz2QJ3x1DoCgY=
github.com/paulmach/go.geojson v1.4.0/go.mod h1:YaKx1hKpWF+T2oj2lFJPsW/t1Q5e1jQI61eoQSTwpIs=
github.com/paulmach/orb v0.7.1 h1:Zha++Z5OX/l168sqHK3k4z18LDvr+YAO/VjK0ReQ9rU=
github.com/paulmach/orb v0.7.1/go.mod h1:FWRlTgl88VI1RBx/MkrwWDRhQ96ctqMCh8boXhmqB/A=
github.com/paulmach/protoscan v0.2.1/go.mod h1:SpcSwydNLrxUGSDvXvO0P7g7AuhJ7lcKfDlhJCDw2gY=
github.com/pkg/errors v0.8.0/go.mod h1:bwawxfHBFNV+L2hUp1rHADufV3IMtnDRdf1r5NINEl0=
github.com/pmezard/go-difflib v1.0.0 h1:4DBwDE0NGyQoBHbLQYPwSUPoCMWR5BEzIk/f1lZbAQM=
github.com/pmezard/go-difflib v1.0.0/go.mod h1:iKH77koFhYxTK1pcRnkKkqfTogsbg7gZNVY4sRDYZ/4=
github.com/remyoudompheng/bigfft v0.0.0-20200410134404-eec4a21b6bb0 h1:OdAsTTz6OkFY5QxjkYwrChwuRruF69c169dPK26NUlk=
github.com/remyoudompheng/bigfft v0.0.0-20200410134404-eec4a21b6bb0/go.mod h1:qqbHyh8v60DhA7CoWK5oRCqLrMHRGoxYCSS9EjAz6Eo=
github.com/sfomuseum/go-edtf v1.1.1 h1:R5gElndHGDaK/rGSh2X+ulaLtlcHCdQA1cTzB8e9wv8=
github.com/sfomuseum/go-edtf v1.1.1/go.mod h1:1rP0EJZ/84j3HO80vGcnG2T9MFBDAFyTNtjrr8cv3T4=
github.com/sfomuseum/go-flags v0.7.0/go.mod h1:ML3DTNbF9xnjExSdS/9FtVLjIUhRU5gm/ehzISv+t2w=
github.com/sfomuseum/go-flags v0.10.0 h1:1OC1ACxpWMsl3XQ9OeNVMQj7Zi2CzufP3Rym3mPI8HU=
github.com/sfomuseum/go-flags v0.10.0/go.mod h1:VXOnnX1/yxQpX2yiwHaBV6aCmhtszQOL5bL1/nNo3co=
github.com/sfomuseum/go-timings v1.2.1 h1:AthtFBMBYN+kUflQUp9FFBZVHsR9KB/GkMvO1DuEYEE=
github.com/sfomuseum/go-timings v1.2.1/go.mod h1:jZrCwV4uoY5s4sOZWZLn6xQ2LhsMy2ZvdB3tzLPO76c=
github.com/sfomuseum/iso8601duration v1.1.0 h1:kMYzbamrZp9dRxi5iFuhjl5CzHXK6s6Bzz/c75wsq8Q=
github.com/sfomuseum/iso8601duration v1.1.0/go.mod h1:6EenGWM7y8uVquMPEZwoR+ihpIMJluw7iYiHhDTuOAk=
github.com/stretchr/objx v0.1.0/go.mod h1:HFkY916IF+rwdDfMAkV7OtwuqBVzrE8GR6GFx+wExME=
github.com/stretchr/testify v1.3.0/go.mod h1:M5WIy9Dh21IEIfnGCwXGc5bZfKNJtfHm1UVUgZn+9EI=
github.com/stretchr/testify v1.8.0 h1:pSgiaMZlXftHpm5L7V1+rVB+AZJydKsMxsQBIJw4PKk=
github.com/tidwall/gjson v1.14.2/go.mod h1:/wbyibRr2FHMks5tjHJ5F8dMZh3AcwJEMf5vlfC0lxk=
github.com/tidwall/gjson v1.14.4 h1:uo0p8EbA09J7RQaflQ1aBRffTR7xedD2bcIVSYxLnkM=
github.com/tidwall/gjson v1.14.4/go.mod h1:/wbyibRr2FHMks5tjHJ5F8dMZh3AcwJEMf5vlfC0lxk=
github.com/tidwall/match v1.1.1 h1:+Ho715JplO36QYgwN9PGYNhgZvoUSc9X2c80KVTi+GA=
github.com/tidwall/match v1.1.1/go.mod h1:eRSPERbgtNPcGhD8UCthc6PmLEQXEWd3PRB5JTxsfmM=
github.com/tidwall/pretty v1.2.0 h1:RWIZEg2iJ8/g6fDDYzMpobmaoGh5OLl4AXtGUGPcqCs=
github.com/tidwall/pretty v1.2.0/go.mod h1:ITEVvHYasfjBbM0u2Pg8T2nJnzm8xPwvNhhsoaGGjNU=
github.com/tidwall/sjson v1.2.5 h1:kLy8mja+1c9jlljvWTlSazM7cKDRfJuR/bOJhcY5NcY=
github.com/tidwall/sjson v1.2.5/go.mod h1:Fvgq9kS/6ociJEDnK0Fk1cpYF4FIW6ZF7LAe+6jwd28=
github.com/whosonfirst/go-ioutil v1.0.2 h1:+GJPfa42OFn5A+5yJSc5jQTQIkNV3/MhYyg4pavdrC8=
github.com/whosonfirst/go-ioutil v1.0.2/go.mod h1:2dS1vWdAIkiHDvDF8fYyjv6k2NISmwaIjJJeEDBEdvg=
github.com/whosonfirst/go-reader v1.0.2 h1:eccnKKSMGR+X1SJyHUZN0/7qE7VbFQULqSVQU0Su3xs=
github.com/whosonfirst/go-reader v1.0.2/go.mod h1:2w9l/QusYZSiGuEof3RwCHUFnM492SSOF2H7UxS4YIE=
github.com/whosonfirst/go-rfc-5646 v0.1.0 h1:HNFPAem6v5De61PXLgbGzx9tfNOP83AAkVvm9WAddJY=
github.com/whosonfirst/go-rfc-5646 v0.1.0/go.mod h1:JZj//FV9YeV3fkyOY/82V53EMLQXwRwNPuQIGs8BUmo=
github.com/whosonfirst/go-sanitize v0.1.0 h1:ygSqCnakwdzH/m8UEa15zXGDsoo5/JJeRkgmAjXZrBU=
github.com/whosonfirst/go-sanitize v0.1.0/go.mod h1:p/emgbafMM0p5iVAz2XWwecYPl06Tw4Jos9rhTKIrt8=
github.com/whosonfirst/go-whosonfirst-crawl v0.2.1 h1:nNG7r7/4MaII/NM8Df2oqgfgVNBDoIKlseleoX1vw1Q=
github.com/whosonfirst/go-whosonfirst-crawl v0.2.1/go.mod h1:MTD1TCgAkXlAtysPU98ylrz9Y5+ZCfRrsrBnRyiH/t8=
github.com/whosonfirst/go-whosonfirst-feature v0.0.25 h1:6s2to+aWB9Fo+IcwSvsB2UiuymJPKSe8g0TwuRasLhE=
github.com/whosonfirst/go-whosonfirst-feature v0.0.25/go.mod h1:JTauqAjTuZDfOTHxv5hFUzknF0NGgxvHTT5maTej9Co=
github.com/whosonfirst/go-whosonfirst-flags v0.4.4 h1:pwUnE8btx4Po6N5+uq0IrKVF0WraY5YW3tc3saIDg3A=
github.com/whosonfirst/go-whosonfirst-flags v0.4.4/go.mod h1:C9X7vQvNR/u55AfOHYUT8o7dRACWV++ZV4B0kylnIaY=
github.com/whosonfirst/go-whosonfirst-iterate/v2 v2.3.1 h1:CSada4je5cY3ZdTNKhYK2khy9HpeoxLVDo2cxSoUw7k=
github.com/whosonfirst/go-whosonfirst-iterate/v2 v2.3.1/go.mod h1:sAVuLSXDCyU1Yb474H0vXzBxY4Xooeza86CfjWUUCnM=
github.com/whosonfirst/go-whosonfirst-names v0.1.0 h1:uXop/DwQqH60uDBZvHCPg1yRSQLScbm6VZyqcaED2KE=
github.com/whosonfirst/go-whosonfirst-names v0.1.0/go.mod h1:0z86/nedM9T/5C8cAdbCMfRuBrkc33oEQ6vdJ6WybSg=
github.com/whosonfirst/go-whosonfirst-placetypes v0.3.0/go.mod h1:ez0VFkGFbgT2/z2oi3PIuW6FewsZ2+5glyfDD79XEHk=
github.com/whosonfirst/go-whosonfirst-placetypes v0.4.2 h1:Sye3ySdkTy5+PPdSLCaZO6/Pcfqb0AnMDU40c/yYZpQ=
github.com/whosonfirst/go-whosonfirst-placetypes v0.4.2/go.mod h1:HjxisIp+iZOXoThM9XyvC+GCmnupynE73GD3JxhH3fY=
github.com/whosonfirst/go-whosonfirst-sources v0.1.0 h1:JuKLa6KWke22jBfJ1pM9WQHoz1/3pbDv2C+aR+THPPQ=
github.com/whosonfirst/go-whosonfirst-sources v0.1.0/go.mod h1:EUMHyGzUmqPPxlMmOp+28BFeoBdxxE0HCKRd67lkqGM=
github.com/whosonfirst/go-whosonfirst-spatial v0.5.1 h1:Q8pGSMWJgFypooizfgVIzc6Uh9pAZKp5tk0tOW9vzhA=
github.com/whosonfirst/go-whosonfirst-spatial v0.5.1/go.mod h1:B6ad0c/iKM6wmaKbeEaDzeNG8L8Fu9wOGOBAzxMF/cQ=
github.com/whosonfirst/go-whosonfirst-spatial-pip v0.3.1 h1:j2QhDx8t4z0s3RJqvm+Ll4t2zG4c195NZx2XRFRCAtY=
github.com/whosonfirst/go-whosonfirst-spatial-pip v0.3.1/go.mod h1:klRSLQeAVdFZd84f0xfKjSmVj1L8JCF8GPdGUiVOqnA=
github.com/whosonfirst/go-whosonfirst-spr-geojson v0.0.8 h1:K0rCaKo0xvOtuS/x9r62bEfIK3OTdZqbDmgG+A3xDSs=
github.com/whosonfirst/go-whosonfirst-spr-geojson v0.0.8/go.mod h1:Nh7PwBMDT1kUrp9jBMFw+Ilue6up1tz2KhE39btS/ZU=
github.com/whosonfirst/go-whosonfirst-spr/v2 v2.3.3 h1:dc7BdkGrSKtGyIEO8jW4h6xS0DMdKANwMHFRc1+WcnM=
github.com/whosonfirst/go-whosonfirst-spr/v2 v2.3.3/go.mod h1:3Sym68fXOfIAcdJiRkJC+8FO+JuSGZ2NuDpRFzWMDi0=
github.com/whosonfirst/go-whosonfirst-sqlite-features/v2 v2.0.0 h1:iDc9EIjnAraa0DWRKtV9+Nx6Wewoluh3m571E5uzoDI=
github.com/whosonfirst/go-whosonfirst-sqlite-features/v2 v2.0.0/go.mod h1:rBj5q1bwA5jux36uU808O7pPgnu0XvJoOw7gG/a/8xo=
github.com/whosonfirst/go-whosonfirst-sqlite-spr/v2 v2.0.0 h1:elNyX+8JYlgxENOLfeTKDKSD/y7orb8atkZnJpATs1o=
github.com/whosonfirst/go-whosonfirst-sqlite-spr/v2 v2.0.0/go.mod h1:hMU+lHIb3iepxjuBKGV6sEChuv7MEp/M/yDt5j/oY0g=
github.com/whosonfirst/go-whosonfirst-uri v1.2.0 h1:lhmRsIhcpTr5HAo+kXKRGsSt76HTh3Ko/oTR2jpCm/o=
github.com/whosonfirst/go-whosonfirst-uri v1.2.0/go.mod h1:CuVygTCUpMG945MMvqHyqxvc/L5YkDaMrrVpRFr7ZxY=
github.com/whosonfirst/go-writer-featurecollection/v3 v3.0.0-20220916180959-42588e308a3e h1:FMjhKz9LHZDDZOCrNvof2o7CduM7mSQg3AKSXkJowmg=
github.com/whosonfirst/go-writer-featurecollection/v3 v3.0.0-20220916180959-42588e308a3e/go.mod h1:Ee7DXBL23kO62yG/yzkLaO9OOqOGTcHLnxRIN2BB4Tg=
github.com/whosonfirst/go-writer/v3 v3.0.0/go.mod h1:TmYoKR7RvrzJaj3eOgMhgXHFE+R1yuO/4smxKHFhv14=
github.com/whosonfirst/go-writer/v3 v3.1.0 h1:lEZ6TIYvZb5NJ6e2OXYRM1j+MM2svKCSlb+6Vzbz+/M=
github.com/whosonfirst/go-writer/v3 v3.1.0/go.mod h1:TmYoKR7RvrzJaj3eOgMhgXHFE+R1yuO/4smxKHFhv14=
github.com/whosonfirst/walk v0.0.1 h1:t0QrqGwOdPMSeovFZSXfiS0GIGHrRXK3Wb9z5Uhs2bg=
github.com/whosonfirst/walk v0.0.1/go.mod h1:1KtP/VeooSlFOI61p+THc/C16Ra8Z5MjpjI0tsd3c1M=
github.com/whosonfirst/warning v0.1.1 h1:h29zL3VNL9VUHztkAAndzblhrDHyik9z47OuUR2Vovw=
github.com/whosonfirst/warning v0.1.1/go.mod h1:/unEMzhB9YaMeEwTJpzLN3kM5LiSxdJhKEsf/OQhn6s=
github.com/yuin/goldmark v1.1.27/go.mod h1:3hX8gzYuyVAZsxl0MRgGTJEmQBFcNTphYh9decYSb74=
github.com/yuin/goldmark v1.2.1/go.mod h1:3hX8gzYuyVAZsxl0MRgGTJEmQBFcNTphYh9decYSb74=
golang.org/x/crypto v0.0.0-20190308221718-c2843e01d9a2/go.mod h1:djNgcEr1/C05ACkg1iLfiJU5Ep61QUkGW8qpdssI0+w=
golang.org/x/crypto v0.0.0-20191011191535-87dc89f01550/go.mod h1:yigFU9vqHzYiE8UmvKecakEJjdnWj3jj499lnFckfCI=
golang.org/x/crypto v0.0.0-20200622213623-75b288015ac9/go.mod h1:LzIPMQfyMNhhGPhUkYOs5KpL4U8rLKemX1yGLhDgUto=
golang.org/x/mod v0.2.0/go.mod h1:s0Qsj1ACt9ePp/hMypM3fl4fZqREWJwdYDEqhRiZZUA=
golang.org/x/mod v0.3.0 h1:RM4zey1++hCTbCVQfnWeKs9/IEsaBLA8vTkd0WVtmH4=
golang.org/x/mod v0.3.0/go.mod h1:s0Qsj1ACt9ePp/hMypM3fl4fZqREWJwdYDEqhRiZZUA=
golang.org/x/net v0.0.0-20190404232315-eb5bcb51f2a3/go.mod h1:t9HGtf8HONx5eT2rtn7q6eTqICYqUVnKs3thJo3Qplg=
golang.org/x/net v0.0.0-20190620200207-3b0461eec859/go.mod h1:z5CRVTTTmAJ677TzLLGU+0bjPO0LkuOLi4/5GtJWs/s=
golang.org/x/net v0.0.0-20200226121028-0de0cce0169b/go.mod h1:z5CRVTTTmAJ677TzLLGU+0bjPO0LkuOLi4/5GtJWs/s=
golang.org/x/net v0.0.0-20201021035429-f5854403a974/go.mod h1:sp8m0HH+o8qH0wwXwYZr8TS3Oi6o0r6Gce1SSxlDquU=
golang.org/x/sync v0.0.0-20190423024810-112230192c58/go.mod h1:RxMgew5VJxzue5/jJTE5uejpjVlOe/izrB70Jof72aM=
golang.org/x/sync v0.0.0-20190911185100-cd5d95a43a6e/go.mod h1:RxMgew5VJxzue5/jJTE5uejpjVlOe/izrB70Jof72aM=
golang.org/x/sync v0.0.0-20201020160332-67f06af15bc9/go.mod h1:RxMgew5VJxzue5/jJTE5uejpjVlOe/izrB70Jof72aM=
golang.org/x/sys v0.0.0-20190215142949-d0b11bdaac8a/go.mod h1:STP8DvDyc/dI5b8T5hshtkjS+E42TnysNCUPdjciGhY=
golang.org/x/sys v0.0.0-20190412213103-97732733099d/go.mod h1:h1NjWce9XRLGQEsW7wpKNCjG9DtNlClVuFLEZdDNbEs=
golang.org/x/sys v0.0.0-20200930185726-fdedc70b468f/go.mod h1:h1NjWce9XRLGQEsW7wpKNCjG9DtNlClVuFLEZdDNbEs=
golang.org/x/sys v0.0.0-20220811171246-fbc7d0a398ab h1:2QkjZIsXupsJbJIdSjjUOgWK3aEtzyuh2mPt3l/CkeU=
golang.org/x/sys v0.0.0-20220811171246-fbc7d0a398ab/go.mod h1:oPkhp1MJrh7nUepCBck5+mAzfO9JrbApNNgaTdGDITg=
golang.org/x/text v0.3.0/go.mod h1:NqM8EUOU14njkJ3fqMW+pc6Ldnwhi/IjpwHt7yyuwOQ=
golang.org/x/text v0.3.3/go.mod h1:5Zoc/QRtKVWzQhOtBMvqHzDpF6irO9z98xDceosuGiQ=
golang.org/x/tools v0.0.0-20180917221912-90fa682c2a6e/go.mod h1:n7NCudcB/nEzxVGmLbDWY5pfWTLqBcC2KZ6jyYvM4mQ=
golang.org/x/tools v0.0.0-20191119224855-298f0cb1881e/go.mod h1:b+2E5dAYhXwXZwtnZ6UAqBI28+e2cm9otk0dWdXHAEo=
golang.org/x/tools v0.0.0-20200619180055-7c47624df98f/go.mod h1:EkVYQZoAsY45+roYkvgYkIh4xh/qjgUK9TdY2XT94GE=
golang.org/x/tools v0.0.0-20210106214847-113979e3529a h1:CB3a9Nez8M13wwlr/E2YtwoU+qYHKfC+JrDa45RXXoQ=
golang.org/x/tools v0.0.0-20210106214847-113979e3529a/go.mod h1:emZCQorbCU4vsT4fOWvOPXz4eW1wZW4PmDk9uLelYpA=
golang.org/x/xerrors v0.0.0-20190717185122-a985d3407aa7/go.mod h1:I/5z698sn9Ka8TeJc9MKroUUfqBBauWjQqLJ2OPfmY0=
golang.org/x/xerrors v0.0.0-20191011141410-1b5146add898/go.mod h1:I/5z698sn9Ka8TeJc9MKroUUfqBBauWjQqLJ2OPfmY0=
golang.org/x/xerrors v0.0.0-20191204190536-9bdfabe68543/go.mod h1:I/5z698sn9Ka8TeJc9MKroUUfqBBauWjQqLJ2OPfmY0=
golang.org/x/xerrors v0.0.0-20200804184101-5ec99f83aff1 h1:go1bK/D/BFZV2I8cIQd1NKEZ+0owSTG1fDTci4IqFcE=
golang.org/x/xerrors v0.0.0-20200804184101-5ec99f83aff1/go.mod h1:I/5z698sn9Ka8TeJc9MKroUUfqBBauWjQqLJ2OPfmY0=
google.golang.org/protobuf v1.26.0-rc.1/go.mod h1:jlhhOSvTdKEhbULTjvd4ARK9grFBp09yW+WbY/TyQbw=
google.golang.org/protobuf v1.27.1/go.mod h1:9q0QmTI4eRPtz6boOQmLYwt+qCgq0jsYwAQnmE0givc=
gopkg.in/yaml.v3 v3.0.1 h1:fxVm/GzAzEWqLHuvctI91KS9hhNmmWOoWu0XTYJS7CA=
lukechampine.com/uint128 v1.2.0 h1:mBi/5l91vocEN8otkC5bDLhi2KdCticRiwbdB0O+rjI=
lukechampine.com/uint128 v1.2.0/go.mod h1:c4eWIwlEGaxC/+H1VguhU4PHXNWDCDMUlWdIWl2j1gk=
modernc.org/cc/v3 v3.40.0 h1:P3g79IUS/93SYhtoeaHW+kRCIrYaxJ27MFPv+7kaTOw=
modernc.org/cc/v3 v3.40.0/go.mod h1:/bTg4dnWkSXowUO6ssQKnOV0yMVxDYNIsIrzqTFDGH0=
modernc.org/ccgo/v3 v3.16.13 h1:Mkgdzl46i5F/CNR/Kj80Ri59hC8TKAhZrYSaqvkwzUw=
modernc.org/ccgo/v3 v3.16.13/go.mod h1:2Quk+5YgpImhPjv2Qsob1DnZ/4som1lJTodubIcoUkY=
modernc.org/ccorpus v1.11.6 h1:J16RXiiqiCgua6+ZvQot4yUuUy8zxgqbqEEUuGPlISk=
modernc.org/httpfs v1.0.6 h1:AAgIpFZRXuYnkjftxTAZwMIiwEqAfk8aVB2/oA6nAeM=
modernc.org/libc v1.21.5 h1:xBkU9fnHV+hvZuPSRszN0AXDG4M7nwPLwTWwkYcvLCI=
modernc.org/libc v1.21.5/go.mod h1:przBsL5RDOZajTVslkugzLBj1evTue36jEomFQOoYuI=
modernc.org/mathutil v1.5.0 h1:rV0Ko/6SfM+8G+yKiyI830l3Wuz1zRutdslNoQ0kfiQ=
modernc.org/mathutil v1.5.0/go.mod h1:mZW8CKdRPY1v87qxC/wUdX5O1qDzXMP5TH3wjfpga6E=
modernc.org/memory v1.4.0 h1:crykUfNSnMAXaOJnnxcSzbUGMqkLWjklJKkBK2nwZwk=
modernc.org/memory v1.4.0/go.mod h1:PkUhL0Mugw21sHPeskwZW4D6VscE/GQJOnIpCnW6pSU=
modernc.org/opt v0.1.3 h1:3XOZf2yznlhC+ibLltsDGzABUGVx8J6pnFMS3E4dcq4=
modernc.org/opt v0.1.3/go.mod h1:WdSiB5evDcignE70guQKxYUl14mgWtbClRi5wmkkTX0=
modernc.org/sqlite v1.20.0 h1:80zmD3BGkm8BZ5fUi/4lwJQHiO3GXgIUvZRXpoIfROY=
modernc.org/sqlite v1.20.0/go.mod h1:EsYz8rfOvLCiYTy5ZFsOYzoCcRMu98YYkwAcCw5YIYw=
modernc.org/strutil v1.1.3 h1:fNMm+oJklMGYfU9Ylcywl0CO5O6nTfaowNsh2wpPjzY=
modernc.org/strutil v1.1.3/go.mod h1:MEHNA7PdEnEwLvspRMtWTNnp2nnyvMfkimT1NKNAGbw=
modernc.org/tcl v1.15.0 h1:oY+JeD11qVVSgVvodMJsu7Edf8tr5E/7tuhF5cNYz34=
modernc.org/token v1.0.1 h1:A3qvTqOwexpfZZeyI0FeGPDlSWX5pjZu9hF4lU+EKWg=
modernc.org/token v1.0.1/go.mod h1:UGzOrNV1mAFSEB63lOFHIpNRUVMvYTc6yu1SMY/XTDM=
modernc.org/z v1.7.0 h1:xkDw/KepgEjeizO2sNco+hqYkU12taxQFqPEmgm1GWE=
